
Microsoft Visual Studio Solution File, Format Version 12.00
# Visual Studio 15
VisualStudioVersion = 15.0.28010.2016
MinimumVisualStudioVersion = 10.0.40219.1
Project("{9A19103F-16F7-4668-BE54-9A1E7A4F7556}") = "DrNet", "src\DrNet.csproj", "{587A741D-1900-4E5A-B99E-D0B09A184FF7}"
EndProject
Global
	GlobalSection(SolutionConfigurationPlatforms) = preSolution
		Debug|Any CPU = Debug|Any CPU
		Release|Any CPU = Release|Any CPU
	EndGlobalSection
	GlobalSection(ProjectConfigurationPlatforms) = postSolution
		{587A741D-1900-4E5A-B99E-D0B09A184FF7}.Debug|Any CPU.ActiveCfg = Debug|Any CPU
		{587A741D-1900-4E5A-B99E-D0B09A184FF7}.Debug|Any CPU.Build.0 = Debug|Any CPU
		{587A741D-1900-4E5A-B99E-D0B09A184FF7}.Release|Any CPU.ActiveCfg = Release|Any CPU
		{587A741D-1900-4E5A-B99E-D0B09A184FF7}.Release|Any CPU.Build.0 = Release|Any CPU
		{BA79C308-AFD8-4ACA-A053-5A0BC2BB5B1A}.Debug|Any CPU.ActiveCfg = Debug|Any CPU
		{BA79C308-AFD8-4ACA-A053-5A0BC2BB5B1A}.Debug|Any CPU.Build.0 = Debug|Any CPU
		{BA79C308-AFD8-4ACA-A053-5A0BC2BB5B1A}.Release|Any CPU.ActiveCfg = Release|Any CPU
		{BA79C308-AFD8-4ACA-A053-5A0BC2BB5B1A}.Release|Any CPU.Build.0 = Release|Any CPU
	EndGlobalSection
	GlobalSection(SolutionProperties) = preSolution
		HideSolutionNode = FALSE
	EndGlobalSection
	GlobalSection(ExtensibilityGlobals) = postSolution
		SolutionGuid = {3B9DBB13-1E84-4EF3-B7A6-BCAD940A3F1A}
	EndGlobalSection
EndGlobal
